
Microsoft Visual Studio Solution File, Format Version 12.00
# Visual Studio Version 17
VisualStudioVersion = 17.10.35004.147
MinimumVisualStudioVersion = 10.0.40219.1
Project("{2150E333-8FDC-42A3-9474-1A3956D46DE8}") = "Services", "Services", "{B4FF957B-5CDA-43D9-B12F-6923E461050F}"
EndProject
Project("{2150E333-8FDC-42A3-9474-1A3956D46DE8}") = "Catalog", "Catalog", "{767B2C59-AD45-41CF-A63B-1FBE25A91E45}"
EndProject
Project("{9A19103F-16F7-4668-BE54-9A1E7A4F7556}") = "Catalog.API", "Services\Catalog\Catalog.API\Catalog.API.csproj", "{937FD119-6C4D-45F3-ABE1-D0C8D2EE5824}"
EndProject
Project("{2150E333-8FDC-42A3-9474-1A3956D46DE8}") = "BuildingBlocks", "BuildingBlocks", "{73C0F167-552F-47E7-9B7B-BAD6ED51A2EE}"
EndProject
Project("{9A19103F-16F7-4668-BE54-9A1E7A4F7556}") = "BuildingBlocks", "BuildingBlocks\BuildingBlocks\BuildingBlocks.csproj", "{1370FB16-420B-44D5-A396-E948DC6C87F1}"
EndProject
Project("{E53339B2-1760-4266-BCC7-CA923CBCF16C}") = "docker-compose", "docker-compose.dcproj", "{A9449AFA-1613-415F-AE1F-75A615E12050}"
EndProject
Project("{2150E333-8FDC-42A3-9474-1A3956D46DE8}") = "Basket", "Basket", "{8F450830-A6A1-4851-86E5-596EEC7427DF}"
EndProject
Project("{9A19103F-16F7-4668-BE54-9A1E7A4F7556}") = "Basket.API", "Services\Basket\Basket.API\Basket.API.csproj", "{B3C4F003-957F-4031-8CE9-F878E721BBF3}"
EndProject
Project("{2150E333-8FDC-42A3-9474-1A3956D46DE8}") = "Discount", "Discount", "{CE7BFC0C-2DEE-49F3-B7FA-56353E30853E}"
EndProject
Project("{9A19103F-16F7-4668-BE54-9A1E7A4F7556}") = "Discount.Grpc", "Services\Discount\Discount.Grpc\Discount.Grpc.csproj", "{372B75E3-6D67-475A-B7C0-82045F48A386}"
EndProject
Project("{2150E333-8FDC-42A3-9474-1A3956D46DE8}") = "Ordering", "Ordering", "{E7C14BEF-85E5-439D-8F0F-06B331C40914}"
EndProject
Project("{FAE04EC0-301F-11D3-BF4B-00C04F79EFBC}") = "Ordering.API", "Services\Ordering\Ordering.API\Ordering.API.csproj", "{7E071EAA-31D4-40C8-B72F-1FAE3531FE29}"
EndProject
Project("{FAE04EC0-301F-11D3-BF4B-00C04F79EFBC}") = "Ordering.Domain", "Services\Ordering\Ordering.Domain\Ordering.Domain.csproj", "{493E9E7D-DF6B-4B6A-9A84-CE208BCFC993}"
EndProject
Project("{FAE04EC0-301F-11D3-BF4B-00C04F79EFBC}") = "Ordering.Application", "Services\Ordering\Ordering.Application\Ordering.Application.csproj", "{18BE6B1D-4822-4633-A352-2E2E46CFEB4F}"
EndProject
Project("{FAE04EC0-301F-11D3-BF4B-00C04F79EFBC}") = "Ordering.Infrastructure", "Services\Ordering\Ordering.Infrastructure\Ordering.Infrastructure.csproj", "{0BB8646A-F551-4115-8FFC-16D6E59B64CC}"
EndProject
Global
	GlobalSection(SolutionConfigurationPlatforms) = preSolution
		Debug|Any CPU = Debug|Any CPU
		Release|Any CPU = Release|Any CPU
	EndGlobalSection
	GlobalSection(ProjectConfigurationPlatforms) = postSolution
		{937FD119-6C4D-45F3-ABE1-D0C8D2EE5824}.Debug|Any CPU.ActiveCfg = Debug|Any CPU
		{937FD119-6C4D-45F3-ABE1-D0C8D2EE5824}.Debug|Any CPU.Build.0 = Debug|Any CPU
		{937FD119-6C4D-45F3-ABE1-D0C8D2EE5824}.Release|Any CPU.ActiveCfg = Release|Any CPU
		{937FD119-6C4D-45F3-ABE1-D0C8D2EE5824}.Release|Any CPU.Build.0 = Release|Any CPU
		{1370FB16-420B-44D5-A396-E948DC6C87F1}.Debug|Any CPU.ActiveCfg = Debug|Any CPU
		{1370FB16-420B-44D5-A396-E948DC6C87F1}.Debug|Any CPU.Build.0 = Debug|Any CPU
		{1370FB16-420B-44D5-A396-E948DC6C87F1}.Release|Any CPU.ActiveCfg = Release|Any CPU
		{1370FB16-420B-44D5-A396-E948DC6C87F1}.Release|Any CPU.Build.0 = Release|Any CPU
		{A9449AFA-1613-415F-AE1F-75A615E12050}.Debug|Any CPU.ActiveCfg = Debug|Any CPU
		{A9449AFA-1613-415F-AE1F-75A615E12050}.Debug|Any CPU.Build.0 = Debug|Any CPU
		{A9449AFA-1613-415F-AE1F-75A615E12050}.Release|Any CPU.ActiveCfg = Release|Any CPU
		{A9449AFA-1613-415F-AE1F-75A615E12050}.Release|Any CPU.Build.0 = Release|Any CPU
		{B3C4F003-957F-4031-8CE9-F878E721BBF3}.Debug|Any CPU.ActiveCfg = Debug|Any CPU
		{B3C4F003-957F-4031-8CE9-F878E721BBF3}.Debug|Any CPU.Build.0 = Debug|Any CPU
		{B3C4F003-957F-4031-8CE9-F878E721BBF3}.Release|Any CPU.ActiveCfg = Release|Any CPU
		{B3C4F003-957F-4031-8CE9-F878E721BBF3}.Release|Any CPU.Build.0 = Release|Any CPU
		{372B75E3-6D67-475A-B7C0-82045F48A386}.Debug|Any CPU.ActiveCfg = Debug|Any CPU
		{372B75E3-6D67-475A-B7C0-82045F48A386}.Debug|Any CPU.Build.0 = Debug|Any CPU
		{372B75E3-6D67-475A-B7C0-82045F48A386}.Release|Any CPU.ActiveCfg = Release|Any CPU
		{372B75E3-6D67-475A-B7C0-82045F48A386}.Release|Any CPU.Build.0 = Release|Any CPU
		{7E071EAA-31D4-40C8-B72F-1FAE3531FE29}.Debug|Any CPU.ActiveCfg = Debug|Any CPU
		{7E071EAA-31D4-40C8-B72F-1FAE3531FE29}.Debug|Any CPU.Build.0 = Debug|Any CPU
		{7E071EAA-31D4-40C8-B72F-1FAE3531FE29}.Release|Any CPU.ActiveCfg = Release|Any CPU
		{7E071EAA-31D4-40C8-B72F-1FAE3531FE29}.Release|Any CPU.Build.0 = Release|Any CPU
		{493E9E7D-DF6B-4B6A-9A84-CE208BCFC993}.Debug|Any CPU.ActiveCfg = Debug|Any CPU
		{493E9E7D-DF6B-4B6A-9A84-CE208BCFC993}.Debug|Any CPU.Build.0 = Debug|Any CPU
		{493E9E7D-DF6B-4B6A-9A84-CE208BCFC993}.Release|Any CPU.ActiveCfg = Release|Any CPU
		{493E9E7D-DF6B-4B6A-9A84-CE208BCFC993}.Release|Any CPU.Build.0 = Release|Any CPU
		{18BE6B1D-4822-4633-A352-2E2E46CFEB4F}.Debug|Any CPU.ActiveCfg = Debug|Any CPU
		{18BE6B1D-4822-4633-A352-2E2E46CFEB4F}.Debug|Any CPU.Build.0 = Debug|Any CPU
		{18BE6B1D-4822-4633-A352-2E2E46CFEB4F}.Release|Any CPU.ActiveCfg = Release|Any CPU
		{18BE6B1D-4822-4633-A352-2E2E46CFEB4F}.Release|Any CPU.Build.0 = Release|Any CPU
		{0BB8646A-F551-4115-8FFC-16D6E59B64CC}.Debug|Any CPU.ActiveCfg = Debug|Any CPU
		{0BB8646A-F551-4115-8FFC-16D6E59B64CC}.Debug|Any CPU.Build.0 = Debug|Any CPU
		{0BB8646A-F551-4115-8FFC-16D6E59B64CC}.Release|Any CPU.ActiveCfg = Release|Any CPU
		{0BB8646A-F551-4115-8FFC-16D6E59B64CC}.Release|Any CPU.Build.0 = Release|Any CPU
	EndGlobalSection
	GlobalSection(SolutionProperties) = preSolution
		HideSolutionNode = FALSE
	EndGlobalSection
	GlobalSection(NestedProjects) = preSolution
		{767B2C59-AD45-41CF-A63B-1FBE25A91E45} = {B4FF957B-5CDA-43D9-B12F-6923E461050F}
		{937FD119-6C4D-45F3-ABE1-D0C8D2EE5824} = {767B2C59-AD45-41CF-A63B-1FBE25A91E45}
		{1370FB16-420B-44D5-A396-E948DC6C87F1} = {73C0F167-552F-47E7-9B7B-BAD6ED51A2EE}
		{8F450830-A6A1-4851-86E5-596EEC7427DF} = {B4FF957B-5CDA-43D9-B12F-6923E461050F}
		{B3C4F003-957F-4031-8CE9-F878E721BBF3} = {8F450830-A6A1-4851-86E5-596EEC7427DF}
		{CE7BFC0C-2DEE-49F3-B7FA-56353E30853E} = {B4FF957B-5CDA-43D9-B12F-6923E461050F}
		{372B75E3-6D67-475A-B7C0-82045F48A386} = {CE7BFC0C-2DEE-49F3-B7FA-56353E30853E}
		{E7C14BEF-85E5-439D-8F0F-06B331C40914} = {B4FF957B-5CDA-43D9-B12F-6923E461050F}
		{7E071EAA-31D4-40C8-B72F-1FAE3531FE29} = {E7C14BEF-85E5-439D-8F0F-06B331C40914}
		{493E9E7D-DF6B-4B6A-9A84-CE208BCFC993} = {E7C14BEF-85E5-439D-8F0F-06B331C40914}
		{18BE6B1D-4822-4633-A352-2E2E46CFEB4F} = {E7C14BEF-85E5-439D-8F0F-06B331C40914}
		{0BB8646A-F551-4115-8FFC-16D6E59B64CC} = {E7C14BEF-85E5-439D-8F0F-06B331C40914}
	EndGlobalSection
	GlobalSection(ExtensibilityGlobals) = postSolution
		SolutionGuid = {E02EDF7F-B0AD-49E6-916C-F46A0C8F2DB6}
	EndGlobalSection
EndGlobal
