
Microsoft Visual Studio Solution File, Format Version 12.00
# Visual Studio Version 17
VisualStudioVersion = 17.10.35004.147
MinimumVisualStudioVersion = 10.0.40219.1
Project("{E53339B2-1760-4266-BCC7-CA923CBCF16C}") = "docker-compose", "docker-compose.dcproj", "{A9449AFA-1613-415F-AE1F-75A615E12050}"
EndProject
Project("{2150E333-8FDC-42A3-9474-1A3956D46DE8}") = "src", "src", "{DA7C9A21-0143-4D7E-82F5-6BBF7C2A06BC}"
EndProject
Project("{2150E333-8FDC-42A3-9474-1A3956D46DE8}") = "BuildingBlocks", "BuildingBlocks", "{118FC8F9-A19D-425E-BFB1-6D2D8F348AF2}"
EndProject
Project("{9A19103F-16F7-4668-BE54-9A1E7A4F7556}") = "BuildingBlocks", "src\BuildingBlocks\BuildingBlocks\BuildingBlocks.csproj", "{FB74D622-81BA-4DD4-A85E-AE49F9608DFD}"
EndProject
Project("{2150E333-8FDC-42A3-9474-1A3956D46DE8}") = "Services", "Services", "{B4B909D1-6DDD-418F-8ECE-C4114FEC8220}"
EndProject
Project("{2150E333-8FDC-42A3-9474-1A3956D46DE8}") = "Ordering", "Ordering", "{0D772CB7-95AB-4BF2-B89D-523AAC0A7513}"
EndProject
Project("{9A19103F-16F7-4668-BE54-9A1E7A4F7556}") = "Ordering.API", "src\Services\Ordering\Ordering.API\Ordering.API.csproj", "{A9E36335-5CAA-4D99-87F9-085555EA394F}"
EndProject
Project("{9A19103F-16F7-4668-BE54-9A1E7A4F7556}") = "Ordering.Application", "src\Services\Ordering\Ordering.Application\Ordering.Application.csproj", "{1D028649-DEDC-499D-851B-A8D6B6B9AB9B}"
EndProject
Project("{9A19103F-16F7-4668-BE54-9A1E7A4F7556}") = "Ordering.Domain", "src\Services\Ordering\Ordering.Domain\Ordering.Domain.csproj", "{9E14D524-B6CA-490D-BED5-0BDD4D87ABAA}"
EndProject
Project("{9A19103F-16F7-4668-BE54-9A1E7A4F7556}") = "Ordering.Infrastructure", "src\Services\Ordering\Ordering.Infrastructure\Ordering.Infrastructure.csproj", "{58C680C4-0DD0-4622-9197-3FB00762265F}"
EndProject
Project("{2150E333-8FDC-42A3-9474-1A3956D46DE8}") = "Basket", "Basket", "{FA701FDE-917D-4568-8330-6D0F7F608892}"
EndProject
Project("{2150E333-8FDC-42A3-9474-1A3956D46DE8}") = "Catalog", "Catalog", "{D5BAF7B3-B1F5-406A-8B35-A07B0FC88C07}"
EndProject
Project("{2150E333-8FDC-42A3-9474-1A3956D46DE8}") = "Discount", "Discount", "{7CCF1988-3B6A-4E12-9223-08F3BF74C2ED}"
EndProject
Project("{9A19103F-16F7-4668-BE54-9A1E7A4F7556}") = "Basket.API", "src\Services\Basket\Basket.API\Basket.API.csproj", "{E53C8F8E-448C-4982-A892-0CB617672906}"
EndProject
Project("{9A19103F-16F7-4668-BE54-9A1E7A4F7556}") = "Catalog.API", "src\Services\Catalog\Catalog.API\Catalog.API.csproj", "{3CC4C049-00BC-4343-A4BA-62F7FFF951DA}"
EndProject
Project("{9A19103F-16F7-4668-BE54-9A1E7A4F7556}") = "Discount.Grpc", "src\Services\Discount\Discount.Grpc\Discount.Grpc.csproj", "{67F817AD-684A-410C-8EEF-B4C5D8BA49CC}"
EndProject
Project("{FAE04EC0-301F-11D3-BF4B-00C04F79EFBC}") = "BuildingBlocks.Messaging", "src\BuildingBlocks\BuildingBlocks.Messaging\BuildingBlocks.Messaging.csproj", "{908E81C9-67A3-4260-840D-044486B54959}"
EndProject
Global
	GlobalSection(SolutionConfigurationPlatforms) = preSolution
		Debug|Any CPU = Debug|Any CPU
		Release|Any CPU = Release|Any CPU
	EndGlobalSection
	GlobalSection(ProjectConfigurationPlatforms) = postSolution
		{A9449AFA-1613-415F-AE1F-75A615E12050}.Debug|Any CPU.ActiveCfg = Debug|Any CPU
		{A9449AFA-1613-415F-AE1F-75A615E12050}.Debug|Any CPU.Build.0 = Debug|Any CPU
		{A9449AFA-1613-415F-AE1F-75A615E12050}.Release|Any CPU.ActiveCfg = Release|Any CPU
		{A9449AFA-1613-415F-AE1F-75A615E12050}.Release|Any CPU.Build.0 = Release|Any CPU
		{FB74D622-81BA-4DD4-A85E-AE49F9608DFD}.Debug|Any CPU.ActiveCfg = Debug|Any CPU
		{FB74D622-81BA-4DD4-A85E-AE49F9608DFD}.Debug|Any CPU.Build.0 = Debug|Any CPU
		{FB74D622-81BA-4DD4-A85E-AE49F9608DFD}.Release|Any CPU.ActiveCfg = Release|Any CPU
		{FB74D622-81BA-4DD4-A85E-AE49F9608DFD}.Release|Any CPU.Build.0 = Release|Any CPU
		{A9E36335-5CAA-4D99-87F9-085555EA394F}.Debug|Any CPU.ActiveCfg = Debug|Any CPU
		{A9E36335-5CAA-4D99-87F9-085555EA394F}.Debug|Any CPU.Build.0 = Debug|Any CPU
		{A9E36335-5CAA-4D99-87F9-085555EA394F}.Release|Any CPU.ActiveCfg = Release|Any CPU
		{A9E36335-5CAA-4D99-87F9-085555EA394F}.Release|Any CPU.Build.0 = Release|Any CPU
		{1D028649-DEDC-499D-851B-A8D6B6B9AB9B}.Debug|Any CPU.ActiveCfg = Debug|Any CPU
		{1D028649-DEDC-499D-851B-A8D6B6B9AB9B}.Debug|Any CPU.Build.0 = Debug|Any CPU
		{1D028649-DEDC-499D-851B-A8D6B6B9AB9B}.Release|Any CPU.ActiveCfg = Release|Any CPU
		{1D028649-DEDC-499D-851B-A8D6B6B9AB9B}.Release|Any CPU.Build.0 = Release|Any CPU
		{9E14D524-B6CA-490D-BED5-0BDD4D87ABAA}.Debug|Any CPU.ActiveCfg = Debug|Any CPU
		{9E14D524-B6CA-490D-BED5-0BDD4D87ABAA}.Debug|Any CPU.Build.0 = Debug|Any CPU
		{9E14D524-B6CA-490D-BED5-0BDD4D87ABAA}.Release|Any CPU.ActiveCfg = Release|Any CPU
		{9E14D524-B6CA-490D-BED5-0BDD4D87ABAA}.Release|Any CPU.Build.0 = Release|Any CPU
		{58C680C4-0DD0-4622-9197-3FB00762265F}.Debug|Any CPU.ActiveCfg = Debug|Any CPU
		{58C680C4-0DD0-4622-9197-3FB00762265F}.Debug|Any CPU.Build.0 = Debug|Any CPU
		{58C680C4-0DD0-4622-9197-3FB00762265F}.Release|Any CPU.ActiveCfg = Release|Any CPU
		{58C680C4-0DD0-4622-9197-3FB00762265F}.Release|Any CPU.Build.0 = Release|Any CPU
		{E53C8F8E-448C-4982-A892-0CB617672906}.Debug|Any CPU.ActiveCfg = Debug|Any CPU
		{E53C8F8E-448C-4982-A892-0CB617672906}.Debug|Any CPU.Build.0 = Debug|Any CPU
		{E53C8F8E-448C-4982-A892-0CB617672906}.Release|Any CPU.ActiveCfg = Release|Any CPU
		{E53C8F8E-448C-4982-A892-0CB617672906}.Release|Any CPU.Build.0 = Release|Any CPU
		{3CC4C049-00BC-4343-A4BA-62F7FFF951DA}.Debug|Any CPU.ActiveCfg = Debug|Any CPU
		{3CC4C049-00BC-4343-A4BA-62F7FFF951DA}.Debug|Any CPU.Build.0 = Debug|Any CPU
		{3CC4C049-00BC-4343-A4BA-62F7FFF951DA}.Release|Any CPU.ActiveCfg = Release|Any CPU
		{3CC4C049-00BC-4343-A4BA-62F7FFF951DA}.Release|Any CPU.Build.0 = Release|Any CPU
		{67F817AD-684A-410C-8EEF-B4C5D8BA49CC}.Debug|Any CPU.ActiveCfg = Debug|Any CPU
		{67F817AD-684A-410C-8EEF-B4C5D8BA49CC}.Debug|Any CPU.Build.0 = Debug|Any CPU
		{67F817AD-684A-410C-8EEF-B4C5D8BA49CC}.Release|Any CPU.ActiveCfg = Release|Any CPU
		{67F817AD-684A-410C-8EEF-B4C5D8BA49CC}.Release|Any CPU.Build.0 = Release|Any CPU
		{908E81C9-67A3-4260-840D-044486B54959}.Debug|Any CPU.ActiveCfg = Debug|Any CPU
		{908E81C9-67A3-4260-840D-044486B54959}.Debug|Any CPU.Build.0 = Debug|Any CPU
		{908E81C9-67A3-4260-840D-044486B54959}.Release|Any CPU.ActiveCfg = Release|Any CPU
		{908E81C9-67A3-4260-840D-044486B54959}.Release|Any CPU.Build.0 = Release|Any CPU
	EndGlobalSection
	GlobalSection(SolutionProperties) = preSolution
		HideSolutionNode = FALSE
	EndGlobalSection
	GlobalSection(NestedProjects) = preSolution
		{118FC8F9-A19D-425E-BFB1-6D2D8F348AF2} = {DA7C9A21-0143-4D7E-82F5-6BBF7C2A06BC}
		{FB74D622-81BA-4DD4-A85E-AE49F9608DFD} = {118FC8F9-A19D-425E-BFB1-6D2D8F348AF2}
		{B4B909D1-6DDD-418F-8ECE-C4114FEC8220} = {DA7C9A21-0143-4D7E-82F5-6BBF7C2A06BC}
		{0D772CB7-95AB-4BF2-B89D-523AAC0A7513} = {B4B909D1-6DDD-418F-8ECE-C4114FEC8220}
		{A9E36335-5CAA-4D99-87F9-085555EA394F} = {0D772CB7-95AB-4BF2-B89D-523AAC0A7513}
		{1D028649-DEDC-499D-851B-A8D6B6B9AB9B} = {0D772CB7-95AB-4BF2-B89D-523AAC0A7513}
		{9E14D524-B6CA-490D-BED5-0BDD4D87ABAA} = {0D772CB7-95AB-4BF2-B89D-523AAC0A7513}
		{58C680C4-0DD0-4622-9197-3FB00762265F} = {0D772CB7-95AB-4BF2-B89D-523AAC0A7513}
		{FA701FDE-917D-4568-8330-6D0F7F608892} = {B4B909D1-6DDD-418F-8ECE-C4114FEC8220}
		{D5BAF7B3-B1F5-406A-8B35-A07B0FC88C07} = {B4B909D1-6DDD-418F-8ECE-C4114FEC8220}
		{7CCF1988-3B6A-4E12-9223-08F3BF74C2ED} = {B4B909D1-6DDD-418F-8ECE-C4114FEC8220}
		{E53C8F8E-448C-4982-A892-0CB617672906} = {FA701FDE-917D-4568-8330-6D0F7F608892}
		{3CC4C049-00BC-4343-A4BA-62F7FFF951DA} = {D5BAF7B3-B1F5-406A-8B35-A07B0FC88C07}
		{67F817AD-684A-410C-8EEF-B4C5D8BA49CC} = {7CCF1988-3B6A-4E12-9223-08F3BF74C2ED}
		{908E81C9-67A3-4260-840D-044486B54959} = {118FC8F9-A19D-425E-BFB1-6D2D8F348AF2}
	EndGlobalSection
	GlobalSection(ExtensibilityGlobals) = postSolution
		SolutionGuid = {E02EDF7F-B0AD-49E6-916C-F46A0C8F2DB6}
	EndGlobalSection
EndGlobal
